
Microsoft Visual Studio Solution File, Format Version 12.00
Project("{FAE04EC0-301F-11D3-BF4B-00C04F79EFBC}") = "GrpcService", "GrpcService\GrpcService.csproj", "{526C1E85-0223-4E9C-9018-6DE03F0CB010}"
EndProject
Project("{FAE04EC0-301F-11D3-BF4B-00C04F79EFBC}") = "GrpcClient", "GrpcClient\GrpcClient.csproj", "{E5003235-9B9A-49D5-9FF7-E82F6E550D88}"
EndProject
Global
	GlobalSection(SolutionConfigurationPlatforms) = preSolution
		Debug|Any CPU = Debug|Any CPU
		Release|Any CPU = Release|Any CPU
	EndGlobalSection
	GlobalSection(ProjectConfigurationPlatforms) = postSolution
		{526C1E85-0223-4E9C-9018-6DE03F0CB010}.Debug|Any CPU.ActiveCfg = Debug|Any CPU
		{526C1E85-0223-4E9C-9018-6DE03F0CB010}.Debug|Any CPU.Build.0 = Debug|Any CPU
		{526C1E85-0223-4E9C-9018-6DE03F0CB010}.Release|Any CPU.ActiveCfg = Release|Any CPU
		{526C1E85-0223-4E9C-9018-6DE03F0CB010}.Release|Any CPU.Build.0 = Release|Any CPU
		{E5003235-9B9A-49D5-9FF7-E82F6E550D88}.Debug|Any CPU.ActiveCfg = Debug|Any CPU
		{E5003235-9B9A-49D5-9FF7-E82F6E550D88}.Debug|Any CPU.Build.0 = Debug|Any CPU
		{E5003235-9B9A-49D5-9FF7-E82F6E550D88}.Release|Any CPU.ActiveCfg = Release|Any CPU
		{E5003235-9B9A-49D5-9FF7-E82F6E550D88}.Release|Any CPU.Build.0 = Release|Any CPU
	EndGlobalSection
EndGlobal
